
Microsoft Visual Studio Solution File, Format Version 12.00
# Visual Studio 15
VisualStudioVersion = 15.0.26124.0
MinimumVisualStudioVersion = 15.0.26124.0
Project("{FAE04EC0-301F-11D3-BF4B-00C04F79EFBC}") = "Tennis", "hole1\Tennis\Tennis.csproj", "{4257EA3A-E7D8-45A9-B865-B632AAC1F9EB}"
EndProject
Project("{FAE04EC0-301F-11D3-BF4B-00C04F79EFBC}") = "Tennis.Tests", "hole1\Tennis.Tests\Tennis.Tests.csproj", "{173B2D39-AEB3-4B75-B0B6-D4B09997F65C}"
EndProject
Project("{2150E333-8FDC-42A3-9474-1A3956D46DE8}") = "hole1", "hole1", "{AA4D2862-C5B6-44A6-8128-17DC3D43E9A3}"
EndProject
Project("{2150E333-8FDC-42A3-9474-1A3956D46DE8}") = "hole2", "hole2", "{FC55BCF1-315B-4ED7-9B8A-2D8BB03A1A06}"
EndProject
Project("{FAE04EC0-301F-11D3-BF4B-00C04F79EFBC}") = "Tennis", "hole2\Tennis\Tennis.csproj", "{AB931365-1FB7-408D-B244-AF3782F1B79E}"
EndProject
Project("{FAE04EC0-301F-11D3-BF4B-00C04F79EFBC}") = "Tennis.Tests", "hole2\Tennis.Tests\Tennis.Tests.csproj", "{3D3E2612-FB4F-42AA-80A8-A14B212DD09C}"
EndProject
Project("{2150E333-8FDC-42A3-9474-1A3956D46DE8}") = "hole3", "hole3", "{DE88EB97-6D9A-4DD6-9821-AB5BF30DD6F9}"
EndProject
Project("{FAE04EC0-301F-11D3-BF4B-00C04F79EFBC}") = "Tennis", "hole3\Tennis\Tennis.csproj", "{4CCFD4BD-D422-400F-BFA2-442A47DAED84}"
EndProject
Project("{FAE04EC0-301F-11D3-BF4B-00C04F79EFBC}") = "Tennis.Tests", "hole3\Tennis.Tests\Tennis.Tests.csproj", "{90693B40-6B72-4CF3-8998-4D584BF98E23}"
EndProject
Project("{2150E333-8FDC-42A3-9474-1A3956D46DE8}") = "hole4", "hole4", "{BF9E8BF1-855F-4674-8DC8-C89DECE8E192}"
EndProject
Project("{FAE04EC0-301F-11D3-BF4B-00C04F79EFBC}") = "Tennis", "hole4\Tennis\Tennis.csproj", "{85FFA991-8F33-45CF-AD4A-656E35DFC49A}"
EndProject
Project("{FAE04EC0-301F-11D3-BF4B-00C04F79EFBC}") = "Tennis.Tests", "hole4\Tennis.Tests\Tennis.Tests.csproj", "{1BC0C0B5-4FEF-4D63-8CE1-17C7FB2CDA7F}"
EndProject
Project("{2150E333-8FDC-42A3-9474-1A3956D46DE8}") = "hole5", "hole5", "{9ADCD45D-AF3D-458D-9532-E6A556069173}"
EndProject
Project("{FAE04EC0-301F-11D3-BF4B-00C04F79EFBC}") = "Tennis", "hole5\Tennis\Tennis.csproj", "{439F810A-2D89-4CC0-9A09-1FA0ACDC1150}"
EndProject
Project("{FAE04EC0-301F-11D3-BF4B-00C04F79EFBC}") = "Tennis.Tests", "hole5\Tennis.Tests\Tennis.Tests.csproj", "{5BA95048-969C-419D-B042-496CB2DAE3C9}"
EndProject
Project("{2150E333-8FDC-42A3-9474-1A3956D46DE8}") = "hole6", "hole6", "{419C2C45-5100-4CA0-B7BF-D29D5617B9D9}"
EndProject
Project("{FAE04EC0-301F-11D3-BF4B-00C04F79EFBC}") = "Tennis", "hole6\Tennis\Tennis.csproj", "{684E9AA1-FC15-47B6-BC33-FF889886BE9A}"
EndProject
Project("{FAE04EC0-301F-11D3-BF4B-00C04F79EFBC}") = "Tennis.Tests", "hole6\Tennis.Tests\Tennis.Tests.csproj", "{F05178AF-065A-476D-A4FC-EEA42B223B5C}"
EndProject
Global
	GlobalSection(SolutionConfigurationPlatforms) = preSolution
		Debug|Any CPU = Debug|Any CPU
		Debug|x64 = Debug|x64
		Debug|x86 = Debug|x86
		Release|Any CPU = Release|Any CPU
		Release|x64 = Release|x64
		Release|x86 = Release|x86
	EndGlobalSection
	GlobalSection(SolutionProperties) = preSolution
		HideSolutionNode = FALSE
	EndGlobalSection
	GlobalSection(ProjectConfigurationPlatforms) = postSolution
		{4257EA3A-E7D8-45A9-B865-B632AAC1F9EB}.Debug|Any CPU.ActiveCfg = Debug|Any CPU
		{4257EA3A-E7D8-45A9-B865-B632AAC1F9EB}.Debug|Any CPU.Build.0 = Debug|Any CPU
		{4257EA3A-E7D8-45A9-B865-B632AAC1F9EB}.Debug|x64.ActiveCfg = Debug|Any CPU
		{4257EA3A-E7D8-45A9-B865-B632AAC1F9EB}.Debug|x64.Build.0 = Debug|Any CPU
		{4257EA3A-E7D8-45A9-B865-B632AAC1F9EB}.Debug|x86.ActiveCfg = Debug|Any CPU
		{4257EA3A-E7D8-45A9-B865-B632AAC1F9EB}.Debug|x86.Build.0 = Debug|Any CPU
		{4257EA3A-E7D8-45A9-B865-B632AAC1F9EB}.Release|Any CPU.ActiveCfg = Release|Any CPU
		{4257EA3A-E7D8-45A9-B865-B632AAC1F9EB}.Release|Any CPU.Build.0 = Release|Any CPU
		{4257EA3A-E7D8-45A9-B865-B632AAC1F9EB}.Release|x64.ActiveCfg = Release|Any CPU
		{4257EA3A-E7D8-45A9-B865-B632AAC1F9EB}.Release|x64.Build.0 = Release|Any CPU
		{4257EA3A-E7D8-45A9-B865-B632AAC1F9EB}.Release|x86.ActiveCfg = Release|Any CPU
		{4257EA3A-E7D8-45A9-B865-B632AAC1F9EB}.Release|x86.Build.0 = Release|Any CPU
		{173B2D39-AEB3-4B75-B0B6-D4B09997F65C}.Debug|Any CPU.ActiveCfg = Debug|Any CPU
		{173B2D39-AEB3-4B75-B0B6-D4B09997F65C}.Debug|Any CPU.Build.0 = Debug|Any CPU
		{173B2D39-AEB3-4B75-B0B6-D4B09997F65C}.Debug|x64.ActiveCfg = Debug|Any CPU
		{173B2D39-AEB3-4B75-B0B6-D4B09997F65C}.Debug|x64.Build.0 = Debug|Any CPU
		{173B2D39-AEB3-4B75-B0B6-D4B09997F65C}.Debug|x86.ActiveCfg = Debug|Any CPU
		{173B2D39-AEB3-4B75-B0B6-D4B09997F65C}.Debug|x86.Build.0 = Debug|Any CPU
		{173B2D39-AEB3-4B75-B0B6-D4B09997F65C}.Release|Any CPU.ActiveCfg = Release|Any CPU
		{173B2D39-AEB3-4B75-B0B6-D4B09997F65C}.Release|Any CPU.Build.0 = Release|Any CPU
		{173B2D39-AEB3-4B75-B0B6-D4B09997F65C}.Release|x64.ActiveCfg = Release|Any CPU
		{173B2D39-AEB3-4B75-B0B6-D4B09997F65C}.Release|x64.Build.0 = Release|Any CPU
		{173B2D39-AEB3-4B75-B0B6-D4B09997F65C}.Release|x86.ActiveCfg = Release|Any CPU
		{173B2D39-AEB3-4B75-B0B6-D4B09997F65C}.Release|x86.Build.0 = Release|Any CPU
		{AB931365-1FB7-408D-B244-AF3782F1B79E}.Debug|Any CPU.ActiveCfg = Debug|Any CPU
		{AB931365-1FB7-408D-B244-AF3782F1B79E}.Debug|Any CPU.Build.0 = Debug|Any CPU
		{AB931365-1FB7-408D-B244-AF3782F1B79E}.Debug|x64.ActiveCfg = Debug|Any CPU
		{AB931365-1FB7-408D-B244-AF3782F1B79E}.Debug|x64.Build.0 = Debug|Any CPU
		{AB931365-1FB7-408D-B244-AF3782F1B79E}.Debug|x86.ActiveCfg = Debug|Any CPU
		{AB931365-1FB7-408D-B244-AF3782F1B79E}.Debug|x86.Build.0 = Debug|Any CPU
		{AB931365-1FB7-408D-B244-AF3782F1B79E}.Release|Any CPU.ActiveCfg = Release|Any CPU
		{AB931365-1FB7-408D-B244-AF3782F1B79E}.Release|Any CPU.Build.0 = Release|Any CPU
		{AB931365-1FB7-408D-B244-AF3782F1B79E}.Release|x64.ActiveCfg = Release|Any CPU
		{AB931365-1FB7-408D-B244-AF3782F1B79E}.Release|x64.Build.0 = Release|Any CPU
		{AB931365-1FB7-408D-B244-AF3782F1B79E}.Release|x86.ActiveCfg = Release|Any CPU
		{AB931365-1FB7-408D-B244-AF3782F1B79E}.Release|x86.Build.0 = Release|Any CPU
		{3D3E2612-FB4F-42AA-80A8-A14B212DD09C}.Debug|Any CPU.ActiveCfg = Debug|Any CPU
		{3D3E2612-FB4F-42AA-80A8-A14B212DD09C}.Debug|Any CPU.Build.0 = Debug|Any CPU
		{3D3E2612-FB4F-42AA-80A8-A14B212DD09C}.Debug|x64.ActiveCfg = Debug|Any CPU
		{3D3E2612-FB4F-42AA-80A8-A14B212DD09C}.Debug|x64.Build.0 = Debug|Any CPU
		{3D3E2612-FB4F-42AA-80A8-A14B212DD09C}.Debug|x86.ActiveCfg = Debug|Any CPU
		{3D3E2612-FB4F-42AA-80A8-A14B212DD09C}.Debug|x86.Build.0 = Debug|Any CPU
		{3D3E2612-FB4F-42AA-80A8-A14B212DD09C}.Release|Any CPU.ActiveCfg = Release|Any CPU
		{3D3E2612-FB4F-42AA-80A8-A14B212DD09C}.Release|Any CPU.Build.0 = Release|Any CPU
		{3D3E2612-FB4F-42AA-80A8-A14B212DD09C}.Release|x64.ActiveCfg = Release|Any CPU
		{3D3E2612-FB4F-42AA-80A8-A14B212DD09C}.Release|x64.Build.0 = Release|Any CPU
		{3D3E2612-FB4F-42AA-80A8-A14B212DD09C}.Release|x86.ActiveCfg = Release|Any CPU
		{3D3E2612-FB4F-42AA-80A8-A14B212DD09C}.Release|x86.Build.0 = Release|Any CPU
		{4CCFD4BD-D422-400F-BFA2-442A47DAED84}.Debug|Any CPU.ActiveCfg = Debug|Any CPU
		{4CCFD4BD-D422-400F-BFA2-442A47DAED84}.Debug|Any CPU.Build.0 = Debug|Any CPU
		{4CCFD4BD-D422-400F-BFA2-442A47DAED84}.Debug|x64.ActiveCfg = Debug|Any CPU
		{4CCFD4BD-D422-400F-BFA2-442A47DAED84}.Debug|x64.Build.0 = Debug|Any CPU
		{4CCFD4BD-D422-400F-BFA2-442A47DAED84}.Debug|x86.ActiveCfg = Debug|Any CPU
		{4CCFD4BD-D422-400F-BFA2-442A47DAED84}.Debug|x86.Build.0 = Debug|Any CPU
		{4CCFD4BD-D422-400F-BFA2-442A47DAED84}.Release|Any CPU.ActiveCfg = Release|Any CPU
		{4CCFD4BD-D422-400F-BFA2-442A47DAED84}.Release|Any CPU.Build.0 = Release|Any CPU
		{4CCFD4BD-D422-400F-BFA2-442A47DAED84}.Release|x64.ActiveCfg = Release|Any CPU
		{4CCFD4BD-D422-400F-BFA2-442A47DAED84}.Release|x64.Build.0 = Release|Any CPU
		{4CCFD4BD-D422-400F-BFA2-442A47DAED84}.Release|x86.ActiveCfg = Release|Any CPU
		{4CCFD4BD-D422-400F-BFA2-442A47DAED84}.Release|x86.Build.0 = Release|Any CPU
		{90693B40-6B72-4CF3-8998-4D584BF98E23}.Debug|Any CPU.ActiveCfg = Debug|Any CPU
		{90693B40-6B72-4CF3-8998-4D584BF98E23}.Debug|Any CPU.Build.0 = Debug|Any CPU
		{90693B40-6B72-4CF3-8998-4D584BF98E23}.Debug|x64.ActiveCfg = Debug|Any CPU
		{90693B40-6B72-4CF3-8998-4D584BF98E23}.Debug|x64.Build.0 = Debug|Any CPU
		{90693B40-6B72-4CF3-8998-4D584BF98E23}.Debug|x86.ActiveCfg = Debug|Any CPU
		{90693B40-6B72-4CF3-8998-4D584BF98E23}.Debug|x86.Build.0 = Debug|Any CPU
		{90693B40-6B72-4CF3-8998-4D584BF98E23}.Release|Any CPU.ActiveCfg = Release|Any CPU
		{90693B40-6B72-4CF3-8998-4D584BF98E23}.Release|Any CPU.Build.0 = Release|Any CPU
		{90693B40-6B72-4CF3-8998-4D584BF98E23}.Release|x64.ActiveCfg = Release|Any CPU
		{90693B40-6B72-4CF3-8998-4D584BF98E23}.Release|x64.Build.0 = Release|Any CPU
		{90693B40-6B72-4CF3-8998-4D584BF98E23}.Release|x86.ActiveCfg = Release|Any CPU
		{90693B40-6B72-4CF3-8998-4D584BF98E23}.Release|x86.Build.0 = Release|Any CPU
		{85FFA991-8F33-45CF-AD4A-656E35DFC49A}.Debug|Any CPU.ActiveCfg = Debug|Any CPU
		{85FFA991-8F33-45CF-AD4A-656E35DFC49A}.Debug|Any CPU.Build.0 = Debug|Any CPU
		{85FFA991-8F33-45CF-AD4A-656E35DFC49A}.Debug|x64.ActiveCfg = Debug|Any CPU
		{85FFA991-8F33-45CF-AD4A-656E35DFC49A}.Debug|x64.Build.0 = Debug|Any CPU
		{85FFA991-8F33-45CF-AD4A-656E35DFC49A}.Debug|x86.ActiveCfg = Debug|Any CPU
		{85FFA991-8F33-45CF-AD4A-656E35DFC49A}.Debug|x86.Build.0 = Debug|Any CPU
		{85FFA991-8F33-45CF-AD4A-656E35DFC49A}.Release|Any CPU.ActiveCfg = Release|Any CPU
		{85FFA991-8F33-45CF-AD4A-656E35DFC49A}.Release|Any CPU.Build.0 = Release|Any CPU
		{85FFA991-8F33-45CF-AD4A-656E35DFC49A}.Release|x64.ActiveCfg = Release|Any CPU
		{85FFA991-8F33-45CF-AD4A-656E35DFC49A}.Release|x64.Build.0 = Release|Any CPU
		{85FFA991-8F33-45CF-AD4A-656E35DFC49A}.Release|x86.ActiveCfg = Release|Any CPU
		{85FFA991-8F33-45CF-AD4A-656E35DFC49A}.Release|x86.Build.0 = Release|Any CPU
		{1BC0C0B5-4FEF-4D63-8CE1-17C7FB2CDA7F}.Debug|Any CPU.ActiveCfg = Debug|Any CPU
		{1BC0C0B5-4FEF-4D63-8CE1-17C7FB2CDA7F}.Debug|Any CPU.Build.0 = Debug|Any CPU
		{1BC0C0B5-4FEF-4D63-8CE1-17C7FB2CDA7F}.Debug|x64.ActiveCfg = Debug|Any CPU
		{1BC0C0B5-4FEF-4D63-8CE1-17C7FB2CDA7F}.Debug|x64.Build.0 = Debug|Any CPU
		{1BC0C0B5-4FEF-4D63-8CE1-17C7FB2CDA7F}.Debug|x86.ActiveCfg = Debug|Any CPU
		{1BC0C0B5-4FEF-4D63-8CE1-17C7FB2CDA7F}.Debug|x86.Build.0 = Debug|Any CPU
		{1BC0C0B5-4FEF-4D63-8CE1-17C7FB2CDA7F}.Release|Any CPU.ActiveCfg = Release|Any CPU
		{1BC0C0B5-4FEF-4D63-8CE1-17C7FB2CDA7F}.Release|Any CPU.Build.0 = Release|Any CPU
		{1BC0C0B5-4FEF-4D63-8CE1-17C7FB2CDA7F}.Release|x64.ActiveCfg = Release|Any CPU
		{1BC0C0B5-4FEF-4D63-8CE1-17C7FB2CDA7F}.Release|x64.Build.0 = Release|Any CPU
		{1BC0C0B5-4FEF-4D63-8CE1-17C7FB2CDA7F}.Release|x86.ActiveCfg = Release|Any CPU
		{1BC0C0B5-4FEF-4D63-8CE1-17C7FB2CDA7F}.Release|x86.Build.0 = Release|Any CPU
		{439F810A-2D89-4CC0-9A09-1FA0ACDC1150}.Debug|Any CPU.ActiveCfg = Debug|Any CPU
		{439F810A-2D89-4CC0-9A09-1FA0ACDC1150}.Debug|Any CPU.Build.0 = Debug|Any CPU
		{439F810A-2D89-4CC0-9A09-1FA0ACDC1150}.Debug|x64.ActiveCfg = Debug|Any CPU
		{439F810A-2D89-4CC0-9A09-1FA0ACDC1150}.Debug|x64.Build.0 = Debug|Any CPU
		{439F810A-2D89-4CC0-9A09-1FA0ACDC1150}.Debug|x86.ActiveCfg = Debug|Any CPU
		{439F810A-2D89-4CC0-9A09-1FA0ACDC1150}.Debug|x86.Build.0 = Debug|Any CPU
		{439F810A-2D89-4CC0-9A09-1FA0ACDC1150}.Release|Any CPU.ActiveCfg = Release|Any CPU
		{439F810A-2D89-4CC0-9A09-1FA0ACDC1150}.Release|Any CPU.Build.0 = Release|Any CPU
		{439F810A-2D89-4CC0-9A09-1FA0ACDC1150}.Release|x64.ActiveCfg = Release|Any CPU
		{439F810A-2D89-4CC0-9A09-1FA0ACDC1150}.Release|x64.Build.0 = Release|Any CPU
		{439F810A-2D89-4CC0-9A09-1FA0ACDC1150}.Release|x86.ActiveCfg = Release|Any CPU
		{439F810A-2D89-4CC0-9A09-1FA0ACDC1150}.Release|x86.Build.0 = Release|Any CPU
		{5BA95048-969C-419D-B042-496CB2DAE3C9}.Debug|Any CPU.ActiveCfg = Debug|Any CPU
		{5BA95048-969C-419D-B042-496CB2DAE3C9}.Debug|Any CPU.Build.0 = Debug|Any CPU
		{5BA95048-969C-419D-B042-496CB2DAE3C9}.Debug|x64.ActiveCfg = Debug|Any CPU
		{5BA95048-969C-419D-B042-496CB2DAE3C9}.Debug|x64.Build.0 = Debug|Any CPU
		{5BA95048-969C-419D-B042-496CB2DAE3C9}.Debug|x86.ActiveCfg = Debug|Any CPU
		{5BA95048-969C-419D-B042-496CB2DAE3C9}.Debug|x86.Build.0 = Debug|Any CPU
		{5BA95048-969C-419D-B042-496CB2DAE3C9}.Release|Any CPU.ActiveCfg = Release|Any CPU
		{5BA95048-969C-419D-B042-496CB2DAE3C9}.Release|Any CPU.Build.0 = Release|Any CPU
		{5BA95048-969C-419D-B042-496CB2DAE3C9}.Release|x64.ActiveCfg = Release|Any CPU
		{5BA95048-969C-419D-B042-496CB2DAE3C9}.Release|x64.Build.0 = Release|Any CPU
		{5BA95048-969C-419D-B042-496CB2DAE3C9}.Release|x86.ActiveCfg = Release|Any CPU
		{5BA95048-969C-419D-B042-496CB2DAE3C9}.Release|x86.Build.0 = Release|Any CPU
		{684E9AA1-FC15-47B6-BC33-FF889886BE9A}.Debug|Any CPU.ActiveCfg = Debug|Any CPU
		{684E9AA1-FC15-47B6-BC33-FF889886BE9A}.Debug|Any CPU.Build.0 = Debug|Any CPU
		{684E9AA1-FC15-47B6-BC33-FF889886BE9A}.Debug|x64.ActiveCfg = Debug|Any CPU
		{684E9AA1-FC15-47B6-BC33-FF889886BE9A}.Debug|x64.Build.0 = Debug|Any CPU
		{684E9AA1-FC15-47B6-BC33-FF889886BE9A}.Debug|x86.ActiveCfg = Debug|Any CPU
		{684E9AA1-FC15-47B6-BC33-FF889886BE9A}.Debug|x86.Build.0 = Debug|Any CPU
		{684E9AA1-FC15-47B6-BC33-FF889886BE9A}.Release|Any CPU.ActiveCfg = Release|Any CPU
		{684E9AA1-FC15-47B6-BC33-FF889886BE9A}.Release|Any CPU.Build.0 = Release|Any CPU
		{684E9AA1-FC15-47B6-BC33-FF889886BE9A}.Release|x64.ActiveCfg = Release|Any CPU
		{684E9AA1-FC15-47B6-BC33-FF889886BE9A}.Release|x64.Build.0 = Release|Any CPU
		{684E9AA1-FC15-47B6-BC33-FF889886BE9A}.Release|x86.ActiveCfg = Release|Any CPU
		{684E9AA1-FC15-47B6-BC33-FF889886BE9A}.Release|x86.Build.0 = Release|Any CPU
		{F05178AF-065A-476D-A4FC-EEA42B223B5C}.Debug|Any CPU.ActiveCfg = Debug|Any CPU
		{F05178AF-065A-476D-A4FC-EEA42B223B5C}.Debug|Any CPU.Build.0 = Debug|Any CPU
		{F05178AF-065A-476D-A4FC-EEA42B223B5C}.Debug|x64.ActiveCfg = Debug|Any CPU
		{F05178AF-065A-476D-A4FC-EEA42B223B5C}.Debug|x64.Build.0 = Debug|Any CPU
		{F05178AF-065A-476D-A4FC-EEA42B223B5C}.Debug|x86.ActiveCfg = Debug|Any CPU
		{F05178AF-065A-476D-A4FC-EEA42B223B5C}.Debug|x86.Build.0 = Debug|Any CPU
		{F05178AF-065A-476D-A4FC-EEA42B223B5C}.Release|Any CPU.ActiveCfg = Release|Any CPU
		{F05178AF-065A-476D-A4FC-EEA42B223B5C}.Release|Any CPU.Build.0 = Release|Any CPU
		{F05178AF-065A-476D-A4FC-EEA42B223B5C}.Release|x64.ActiveCfg = Release|Any CPU
		{F05178AF-065A-476D-A4FC-EEA42B223B5C}.Release|x64.Build.0 = Release|Any CPU
		{F05178AF-065A-476D-A4FC-EEA42B223B5C}.Release|x86.ActiveCfg = Release|Any CPU
		{F05178AF-065A-476D-A4FC-EEA42B223B5C}.Release|x86.Build.0 = Release|Any CPU
	EndGlobalSection
	GlobalSection(NestedProjects) = preSolution
		{4257EA3A-E7D8-45A9-B865-B632AAC1F9EB} = {AA4D2862-C5B6-44A6-8128-17DC3D43E9A3}
		{173B2D39-AEB3-4B75-B0B6-D4B09997F65C} = {AA4D2862-C5B6-44A6-8128-17DC3D43E9A3}
		{AB931365-1FB7-408D-B244-AF3782F1B79E} = {FC55BCF1-315B-4ED7-9B8A-2D8BB03A1A06}
		{3D3E2612-FB4F-42AA-80A8-A14B212DD09C} = {FC55BCF1-315B-4ED7-9B8A-2D8BB03A1A06}
		{4CCFD4BD-D422-400F-BFA2-442A47DAED84} = {DE88EB97-6D9A-4DD6-9821-AB5BF30DD6F9}
		{90693B40-6B72-4CF3-8998-4D584BF98E23} = {DE88EB97-6D9A-4DD6-9821-AB5BF30DD6F9}
		{85FFA991-8F33-45CF-AD4A-656E35DFC49A} = {BF9E8BF1-855F-4674-8DC8-C89DECE8E192}
		{1BC0C0B5-4FEF-4D63-8CE1-17C7FB2CDA7F} = {BF9E8BF1-855F-4674-8DC8-C89DECE8E192}
		{439F810A-2D89-4CC0-9A09-1FA0ACDC1150} = {9ADCD45D-AF3D-458D-9532-E6A556069173}
		{5BA95048-969C-419D-B042-496CB2DAE3C9} = {9ADCD45D-AF3D-458D-9532-E6A556069173}
		{684E9AA1-FC15-47B6-BC33-FF889886BE9A} = {419C2C45-5100-4CA0-B7BF-D29D5617B9D9}
		{F05178AF-065A-476D-A4FC-EEA42B223B5C} = {419C2C45-5100-4CA0-B7BF-D29D5617B9D9}
	EndGlobalSection
EndGlobal
